
Microsoft Visual Studio Solution File, Format Version 12.00
# Visual Studio Version 17
VisualStudioVersion = 17.5.33516.290
MinimumVisualStudioVersion = 10.0.40219.1
Project("{2150E333-8FDC-42A3-9474-1A3956D46DE8}") = "frontend", "frontend", "{F79A1624-9120-40CF-811A-F58B1B86412F}"
EndProject
Project("{FAE04EC0-301F-11D3-BF4B-00C04F79EFBC}") = "Shop.Web", "Shop.Web\Shop.Web.csproj", "{739A999A-382A-4E5C-A6EA-13B5B2F644FC}"
EndProject
Project("{2150E333-8FDC-42A3-9474-1A3956D46DE8}") = "services", "services", "{1A40F316-1E8C-434A-A4B8-14CAA5D57C51}"
EndProject
Project("{FAE04EC0-301F-11D3-BF4B-00C04F79EFBC}") = "ProductApi", "ProductApi\ProductApi.csproj", "{4A8B15DA-0008-42FC-80B7-A3E1A81B2C57}"
EndProject
Global
	GlobalSection(SolutionConfigurationPlatforms) = preSolution
		Debug|Any CPU = Debug|Any CPU
		Release|Any CPU = Release|Any CPU
	EndGlobalSection
	GlobalSection(ProjectConfigurationPlatforms) = postSolution
		{739A999A-382A-4E5C-A6EA-13B5B2F644FC}.Debug|Any CPU.ActiveCfg = Debug|Any CPU
		{739A999A-382A-4E5C-A6EA-13B5B2F644FC}.Debug|Any CPU.Build.0 = Debug|Any CPU
		{739A999A-382A-4E5C-A6EA-13B5B2F644FC}.Release|Any CPU.ActiveCfg = Release|Any CPU
		{739A999A-382A-4E5C-A6EA-13B5B2F644FC}.Release|Any CPU.Build.0 = Release|Any CPU
		{4A8B15DA-0008-42FC-80B7-A3E1A81B2C57}.Debug|Any CPU.ActiveCfg = Debug|Any CPU
		{4A8B15DA-0008-42FC-80B7-A3E1A81B2C57}.Debug|Any CPU.Build.0 = Debug|Any CPU
		{4A8B15DA-0008-42FC-80B7-A3E1A81B2C57}.Release|Any CPU.ActiveCfg = Release|Any CPU
		{4A8B15DA-0008-42FC-80B7-A3E1A81B2C57}.Release|Any CPU.Build.0 = Release|Any CPU
	EndGlobalSection
	GlobalSection(SolutionProperties) = preSolution
		HideSolutionNode = FALSE
	EndGlobalSection
	GlobalSection(NestedProjects) = preSolution
		{739A999A-382A-4E5C-A6EA-13B5B2F644FC} = {F79A1624-9120-40CF-811A-F58B1B86412F}
		{4A8B15DA-0008-42FC-80B7-A3E1A81B2C57} = {1A40F316-1E8C-434A-A4B8-14CAA5D57C51}
	EndGlobalSection
	GlobalSection(ExtensibilityGlobals) = postSolution
		SolutionGuid = {9CF438A4-7C4F-4154-8C87-28DA7B2AD081}
	EndGlobalSection
EndGlobal
